Microsoft Visual Studio Solution File, Format Version 12.00
# Visual Studio Version 17
VisualStudioVersion = 17.5.2.0
MinimumVisualStudioVersion = 10.0.40219.1
Project("{FAE04EC0-301F-11D3-BF4B-00C04F79EFBC}") = "Optimisation and Scheduling System", "Optimisation and Scheduling System.csproj", "{910F1DCB-54FA-1797-AC80-AF94038BAF86}"
EndProject
Global
	GlobalSection(SolutionConfigurationPlatforms) = preSolution
		Debug|Any CPU = Debug|Any CPU
		Release|Any CPU = Release|Any CPU
	EndGlobalSection
	GlobalSection(ProjectConfigurationPlatforms) = postSolution
		{910F1DCB-54FA-1797-AC80-AF94038BAF86}.Debug|Any CPU.ActiveCfg = Debug|Any CPU
		{910F1DCB-54FA-1797-AC80-AF94038BAF86}.Debug|Any CPU.Build.0 = Debug|Any CPU
		{910F1DCB-54FA-1797-AC80-AF94038BAF86}.Release|Any CPU.ActiveCfg = Release|Any CPU
		{910F1DCB-54FA-1797-AC80-AF94038BAF86}.Release|Any CPU.Build.0 = Release|Any CPU
	EndGlobalSection
	GlobalSection(SolutionProperties) = preSolution
		HideSolutionNode = FALSE
	EndGlobalSection
	GlobalSection(ExtensibilityGlobals) = postSolution
		SolutionGuid = {0F8EA411-73F5-4662-843A-B63BC336350A}
	EndGlobalSection
EndGlobal
